// !$*UTF8*$!
{
	archiveVersion = 1;
	classes = {
	};
	objectVersion = 46;
	objects = {

/* Begin PBXBuildFile section */
		242568D41F5867CC00C89C9C /* SettingsCell.swift in Sources */ = {isa = PBXBuildFile; fileRef = 242568D31F5867CC00C89C9C /* SettingsCell.swift */; };
		245C1AB61F2D23460093A4B1 /* Constants.swift in Sources */ = {isa = PBXBuildFile; fileRef = 245C1AB51F2D23460093A4B1 /* Constants.swift */; };
		245EDD221F3002F700C1D558 /* LocationManager.swift in Sources */ = {isa = PBXBuildFile; fileRef = 245EDD211F3002F700C1D558 /* LocationManager.swift */; };
		24684DFA1F39041300D6A924 /* Record.swift in Sources */ = {isa = PBXBuildFile; fileRef = 24684DF91F39041300D6A924 /* Record.swift */; };
		24684DFC1F39048000D6A924 /* FirebaseManager.swift in Sources */ = {isa = PBXBuildFile; fileRef = 24684DFB1F39048000D6A924 /* FirebaseManager.swift */; };
		24684DFE1F39139600D6A924 /* AudioManager.swift in Sources */ = {isa = PBXBuildFile; fileRef = 24684DFD1F39139600D6A924 /* AudioManager.swift */; };
		248EBF701F5E4200007626EA /* SettingsController.swift in Sources */ = {isa = PBXBuildFile; fileRef = 248EBF6F1F5E4200007626EA /* SettingsController.swift */; };
		248EBF721F5E443C007626EA /* DeviceSelectionController.swift in Sources */ = {isa = PBXBuildFile; fileRef = 248EBF711F5E443C007626EA /* DeviceSelectionController.swift */; };
		24954F2D1F31817F00B8C681 /* CustomAnnotationView.swift in Sources */ = {isa = PBXBuildFile; fileRef = 24954F2C1F31817F00B8C681 /* CustomAnnotationView.swift */; };
		249947DF1F3290D700F1252C /* CustomAnnotation.swift in Sources */ = {isa = PBXBuildFile; fileRef = 249947DE1F3290D700F1252C /* CustomAnnotation.swift */; };
		24B56C681F2D219200F44114 /* AppDelegate.swift in Sources */ = {isa = PBXBuildFile; fileRef = 24B56C671F2D219200F44114 /* AppDelegate.swift */; };
		24B56C6F1F2D219200F44114 /* Assets.xcassets in Resources */ = {isa = PBXBuildFile; fileRef = 24B56C6E1F2D219200F44114 /* Assets.xcassets */; };
		24B56C721F2D219200F44114 /* LaunchScreen.storyboard in Resources */ = {isa = PBXBuildFile; fileRef = 24B56C701F2D219200F44114 /* LaunchScreen.storyboard */; };
		24CA38281F2D279F00F04B1E /* CustomTabBarController.swift in Sources */ = {isa = PBXBuildFile; fileRef = 24CA38271F2D279F00F04B1E /* CustomTabBarController.swift */; };
		24CA382A1F2D287200F04B1E /* DataCollectionViewController.swift in Sources */ = {isa = PBXBuildFile; fileRef = 24CA38291F2D287200F04B1E /* DataCollectionViewController.swift */; };
		24CA382C1F2D2BDC00F04B1E /* FeedCell.swift in Sources */ = {isa = PBXBuildFile; fileRef = 24CA382B1F2D2BDC00F04B1E /* FeedCell.swift */; };
		24CA382F1F2E83D400F04B1E /* RecordingController.swift in Sources */ = {isa = PBXBuildFile; fileRef = 24CA382E1F2E83D400F04B1E /* RecordingController.swift */; };
		24CA38311F2E86E500F04B1E /* MapViewController.swift in Sources */ = {isa = PBXBuildFile; fileRef = 24CA38301F2E86E500F04B1E /* MapViewController.swift */; };
		24CA38341F2E893000F04B1E /* MapKit.framework in Frameworks */ = {isa = PBXBuildFile; fileRef = 24CA38331F2E893000F04B1E /* MapKit.framework */; };
		24E5D93A1F4C80850090EC7F /* GoogleService-Info.plist in Resources */ = {isa = PBXBuildFile; fileRef = 24E5D9391F4C80850090EC7F /* GoogleService-Info.plist */; };
		F1C4DB66FF95644352BB1E64 /* Pods_SoundMap3.framework in Frameworks */ = {isa = PBXBuildFile; fileRef = 8ADB071898292716B9257C27 /* Pods_SoundMap3.framework */; };
/* End PBXBuildFile section */

/* Begin PBXFileReference section */
		242568D31F5867CC00C89C9C /* SettingsCell.swift */ = {isa = PBXFileReference; fileEncoding = 4; lastKnownFileType = sourcecode.swift; path = SettingsCell.swift; sourceTree = "<group>"; };
		245C1AB51F2D23460093A4B1 /* Constants.swift */ = {isa = PBXFileReference; fileEncoding = 4; lastKnownFileType = sourcecode.swift; path = Constants.swift; sourceTree = "<group>"; };
		245EDD211F3002F700C1D558 /* LocationManager.swift */ = {isa = PBXFileReference; fileEncoding = 4; lastKnownFileType = sourcecode.swift; path = LocationManager.swift; sourceTree = "<group>"; };
		24684DF91F39041300D6A924 /* Record.swift */ = {isa = PBXFileReference; lastKnownFileType = sourcecode.swift; path = Record.swift; sourceTree = "<group>"; };
		24684DFB1F39048000D6A924 /* FirebaseManager.swift */ = {isa = PBXFileReference; lastKnownFileType = sourcecode.swift; path = FirebaseManager.swift; sourceTree = "<group>"; };
		24684DFD1F39139600D6A924 /* AudioManager.swift */ = {isa = PBXFileReference; lastKnownFileType = sourcecode.swift; path = AudioManager.swift; sourceTree = "<group>"; };
		248EBF6F1F5E4200007626EA /* SettingsController.swift */ = {isa = PBXFileReference; fileEncoding = 4; lastKnownFileType = sourcecode.swift; path = SettingsController.swift; sourceTree = "<group>"; };
		248EBF711F5E443C007626EA /* DeviceSelectionController.swift */ = {isa = PBXFileReference; fileEncoding = 4; lastKnownFileType = sourcecode.swift; path = DeviceSelectionController.swift; sourceTree = "<group>"; };
		24954F2C1F31817F00B8C681 /* CustomAnnotationView.swift */ = {isa = PBXFileReference; fileEncoding = 4; lastKnownFileType = sourcecode.swift; path = CustomAnnotationView.swift; sourceTree = "<group>"; };
		249947DE1F3290D700F1252C /* CustomAnnotation.swift */ = {isa = PBXFileReference; fileEncoding = 4; lastKnownFileType = sourcecode.swift; path = CustomAnnotation.swift; sourceTree = "<group>"; };
		24B56C641F2D219200F44114 /* Buckeye Sound.app */ = {isa = PBXFileReference; explicitFileType = wrapper.application; includeInIndex = 0; path = "Buckeye Sound.app"; sourceTree = BUILT_PRODUCTS_DIR; };
		24B56C671F2D219200F44114 /* AppDelegate.swift */ = {isa = PBXFileReference; lastKnownFileType = sourcecode.swift; path = AppDelegate.swift; sourceTree = "<group>"; };
		24B56C6E1F2D219200F44114 /* Assets.xcassets */ = {isa = PBXFileReference; lastKnownFileType = folder.assetcatalog; path = Assets.xcassets; sourceTree = "<group>"; };
		24B56C711F2D219200F44114 /* Base */ = {isa = PBXFileReference; lastKnownFileType = file.storyboard; name = Base; path = Base.lproj/LaunchScreen.storyboard; sourceTree = "<group>"; };
		24B56C731F2D219200F44114 /* Info.plist */ = {isa = PBXFileReference; lastKnownFileType = text.plist.xml; path = Info.plist; sourceTree = "<group>"; };
		24CA38271F2D279F00F04B1E /* CustomTabBarController.swift */ = {isa = PBXFileReference; fileEncoding = 4; lastKnownFileType = sourcecode.swift; path = CustomTabBarController.swift; sourceTree = "<group>"; };
		24CA38291F2D287200F04B1E /* DataCollectionViewController.swift */ = {isa = PBXFileReference; fileEncoding = 4; lastKnownFileType = sourcecode.swift; path = DataCollectionViewController.swift; sourceTree = "<group>"; };
		24CA382B1F2D2BDC00F04B1E /* FeedCell.swift */ = {isa = PBXFileReference; fileEncoding = 4; lastKnownFileType = sourcecode.swift; path = FeedCell.swift; sourceTree = "<group>"; };
		24CA382E1F2E83D400F04B1E /* RecordingController.swift */ = {isa = PBXFileReference; fileEncoding = 4; lastKnownFileType = sourcecode.swift; path = RecordingController.swift; sourceTree = "<group>"; };
		24CA38301F2E86E500F04B1E /* MapViewController.swift */ = {isa = PBXFileReference; fileEncoding = 4; lastKnownFileType = sourcecode.swift; path = MapViewController.swift; sourceTree = "<group>"; };
		24CA38331F2E893000F04B1E /* MapKit.framework */ = {isa = PBXFileReference; lastKnownFileType = wrapper.framework; name = MapKit.framework; path = System/Library/Frameworks/MapKit.framework; sourceTree = SDKROOT; };
		24E5D9391F4C80850090EC7F /* GoogleService-Info.plist */ = {isa = PBXFileReference; fileEncoding = 4; lastKnownFileType = text.plist.xml; path = "GoogleService-Info.plist"; sourceTree = "<group>"; };
		8ADB071898292716B9257C27 /* Pods_SoundMap3.framework */ = {isa = PBXFileReference; explicitFileType = wrapper.framework; includeInIndex = 0; path = Pods_SoundMap3.framework; sourceTree = BUILT_PRODUCTS_DIR; };
		ADFD90BF27BF006F47895E6B /* Pods-SoundMap3.debug.xcconfig */ = {isa = PBXFileReference; includeInIndex = 1; lastKnownFileType = text.xcconfig; name = "Pods-SoundMap3.debug.xcconfig"; path = "Pods/Target Support Files/Pods-SoundMap3/Pods-SoundMap3.debug.xcconfig"; sourceTree = "<group>"; };
		BDADF0BA2267346264D47312 /* Pods-SoundMap3.release.xcconfig */ = {isa = PBXFileReference; includeInIndex = 1; lastKnownFileType = text.xcconfig; name = "Pods-SoundMap3.release.xcconfig"; path = "Pods/Target Support Files/Pods-SoundMap3/Pods-SoundMap3.release.xcconfig"; sourceTree = "<group>"; };
/* End PBXFileReference section */

/* Begin PBXFrameworksBuildPhase section */
		24B56C611F2D219200F44114 /* Frameworks */ = {
			isa = PBXFrameworksBuildPhase;
			buildActionMask = 2147483647;
			files = (
				24CA38341F2E893000F04B1E /* MapKit.framework in Frameworks */,
				F1C4DB66FF95644352BB1E64 /* Pods_SoundMap3.framework in Frameworks */,
			);
			runOnlyForDeploymentPostprocessing = 0;
		};
/* End PBXFrameworksBuildPhase section */

/* Begin PBXGroup section */
		24B56C5B1F2D219200F44114 = {
			isa = PBXGroup;
			children = (
				24B56C7B1F2D21C900F44114 /* Views */,
				24B56C7A1F2D21C200F44114 /* Model */,
				24B56C791F2D21BB00F44114 /* Controllers */,
				24B56C661F2D219200F44114 /* SoundMap3 */,
				24B56C651F2D219200F44114 /* Products */,
				24CA38321F2E893000F04B1E /* Frameworks */,
				EB7CAF66126B4FFD3B55AF3D /* Pods */,
			);
			sourceTree = "<group>";
		};
		24B56C651F2D219200F44114 /* Products */ = {
			isa = PBXGroup;
			children = (
				24B56C641F2D219200F44114 /* Buckeye Sound.app */,
			);
			name = Products;
			sourceTree = "<group>";
		};
		24B56C661F2D219200F44114 /* SoundMap3 */ = {
			isa = PBXGroup;
			children = (
				24B56C671F2D219200F44114 /* AppDelegate.swift */,
				24B56C6E1F2D219200F44114 /* Assets.xcassets */,
				24E5D9391F4C80850090EC7F /* GoogleService-Info.plist */,
				24B56C701F2D219200F44114 /* LaunchScreen.storyboard */,
				24B56C731F2D219200F44114 /* Info.plist */,
			);
			path = SoundMap3;
			sourceTree = "<group>";
		};
		24B56C791F2D21BB00F44114 /* Controllers */ = {
			isa = PBXGroup;
			children = (
				24CA38271F2D279F00F04B1E /* CustomTabBarController.swift */,
				24CA38291F2D287200F04B1E /* DataCollectionViewController.swift */,
				24CA382E1F2E83D400F04B1E /* RecordingController.swift */,
				24CA38301F2E86E500F04B1E /* MapViewController.swift */,
				248EBF6F1F5E4200007626EA /* SettingsController.swift */,
				248EBF711F5E443C007626EA /* DeviceSelectionController.swift */,
			);
			name = Controllers;
			sourceTree = "<group>";
		};
		24B56C7A1F2D21C200F44114 /* Model */ = {
			isa = PBXGroup;
			children = (
				245C1AB51F2D23460093A4B1 /* Constants.swift */,
				245EDD211F3002F700C1D558 /* LocationManager.swift */,
				24684DF91F39041300D6A924 /* Record.swift */,
				24684DFB1F39048000D6A924 /* FirebaseManager.swift */,
				24684DFD1F39139600D6A924 /* AudioManager.swift */,
			);
			name = Model;
			sourceTree = "<group>";
		};
		24B56C7B1F2D21C900F44114 /* Views */ = {
			isa = PBXGroup;
			children = (
				24CA382B1F2D2BDC00F04B1E /* FeedCell.swift */,
				24954F2C1F31817F00B8C681 /* CustomAnnotationView.swift */,
				249947DE1F3290D700F1252C /* CustomAnnotation.swift */,
				242568D31F5867CC00C89C9C /* SettingsCell.swift */,
			);
			name = Views;
			sourceTree = "<group>";
		};
		24CA38321F2E893000F04B1E /* Frameworks */ = {
			isa = PBXGroup;
			children = (
				24CA38331F2E893000F04B1E /* MapKit.framework */,
				8ADB071898292716B9257C27 /* Pods_SoundMap3.framework */,
			);
			name = Frameworks;
			sourceTree = "<group>";
		};
		EB7CAF66126B4FFD3B55AF3D /* Pods */ = {
			isa = PBXGroup;
			children = (
				ADFD90BF27BF006F47895E6B /* Pods-SoundMap3.debug.xcconfig */,
				BDADF0BA2267346264D47312 /* Pods-SoundMap3.release.xcconfig */,
			);
			name = Pods;
			sourceTree = "<group>";
		};
/* End PBXGroup section */

/* Begin PBXNativeTarget section */
		24B56C631F2D219200F44114 /* SoundMap3 */ = {
			isa = PBXNativeTarget;
			buildConfigurationList = 24B56C761F2D219200F44114 /* Build configuration list for PBXNativeTarget "SoundMap3" */;
			buildPhases = (
				396C856CF5118C7E957CEBC3 /* [CP] Check Pods Manifest.lock */,
				24B56C601F2D219200F44114 /* Sources */,
				24B56C611F2D219200F44114 /* Frameworks */,
				24B56C621F2D219200F44114 /* Resources */,
				ABB949A8E2D4D051F7D53701 /* [CP] Embed Pods Frameworks */,
				798BACD88BB20FAB67128601 /* [CP] Copy Pods Resources */,
			);
			buildRules = (
			);
			dependencies = (
			);
			name = SoundMap3;
			productName = SoundMap3;
			productReference = 24B56C641F2D219200F44114 /* Buckeye Sound.app */;
			productType = "com.apple.product-type.application";
		};
/* End PBXNativeTarget section */

/* Begin PBXProject section */
		24B56C5C1F2D219200F44114 /* Project object */ = {
			isa = PBXProject;
			attributes = {
				LastSwiftUpdateCheck = 0830;
				LastUpgradeCheck = 0830;
				ORGANIZATIONNAME = "Jared Williams";
				TargetAttributes = {
					24B56C631F2D219200F44114 = {
						CreatedOnToolsVersion = 8.3.3;
						DevelopmentTeam = 8SR3MG6VY6;
						ProvisioningStyle = Automatic;
						SystemCapabilities = {
							com.apple.Maps.iOS = {
								enabled = 1;
							};
						};
					};
				};
			};
			buildConfigurationList = 24B56C5F1F2D219200F44114 /* Build configuration list for PBXProject "SoundMap3" */;
			compatibilityVersion = "Xcode 3.2";
			developmentRegion = English;
			hasScannedForEncodings = 0;
			knownRegions = (
				en,
				Base,
			);
			mainGroup = 24B56C5B1F2D219200F44114;
			productRefGroup = 24B56C651F2D219200F44114 /* Products */;
			projectDirPath = "";
			projectRoot = "";
			targets = (
				24B56C631F2D219200F44114 /* SoundMap3 */,
			);
		};
/* End PBXProject section */

/* Begin PBXResourcesBuildPhase section */
		24B56C621F2D219200F44114 /* Resources */ = {
			isa = PBXResourcesBuildPhase;
			buildActionMask = 2147483647;
			files = (
				24B56C721F2D219200F44114 /* LaunchScreen.storyboard in Resources */,
				24B56C6F1F2D219200F44114 /* Assets.xcassets in Resources */,
				24E5D93A1F4C80850090EC7F /* GoogleService-Info.plist in Resources */,
			);
			runOnlyForDeploymentPostprocessing = 0;
		};
/* End PBXResourcesBuildPhase section */

/* Begin PBXShellScriptBuildPhase section */
		396C856CF5118C7E957CEBC3 /* [CP] Check Pods Manifest.lock */ = {
			isa = PBXShellScriptBuildPhase;
			buildActionMask = 2147483647;
			files = (
			);
			inputPaths = (
			);
			name = "[CP] Check Pods Manifest.lock";
			outputPaths = (
			);
			runOnlyForDeploymentPostprocessing = 0;
			shellPath = /bin/sh;
			shellScript = "diff \"${PODS_ROOT}/../Podfile.lock\" \"${PODS_ROOT}/Manifest.lock\" > /dev/null\nif [ $? != 0 ] ; then\n    # print error to STDERR\n    echo \"error: The sandbox is not in sync with the Podfile.lock. Run 'pod install' or update your CocoaPods installation.\" >&2\n    exit 1\nfi\n";
			showEnvVarsInLog = 0;
		};
		798BACD88BB20FAB67128601 /* [CP] Copy Pods Resources */ = {
			isa = PBXShellScriptBuildPhase;
			buildActionMask = 2147483647;
			files = (
			);
			inputPaths = (
			);
			name = "[CP] Copy Pods Resources";
			outputPaths = (
			);
			runOnlyForDeploymentPostprocessing = 0;
			shellPath = /bin/sh;
			shellScript = "\"${SRCROOT}/Pods/Target Support Files/Pods-SoundMap3/Pods-SoundMap3-resources.sh\"\n";
			showEnvVarsInLog = 0;
		};
		ABB949A8E2D4D051F7D53701 /* [CP] Embed Pods Frameworks */ = {
			isa = PBXShellScriptBuildPhase;
			buildActionMask = 2147483647;
			files = (
			);
			inputPaths = (
			);
			name = "[CP] Embed Pods Frameworks";
			outputPaths = (
			);
			runOnlyForDeploymentPostprocessing = 0;
			shellPath = /bin/sh;
			shellScript = "\"${SRCROOT}/Pods/Target Support Files/Pods-SoundMap3/Pods-SoundMap3-frameworks.sh\"\n";
			showEnvVarsInLog = 0;
		};
/* End PBXShellScriptBuildPhase section */

/* Begin PBXSourcesBuildPhase section */
		24B56C601F2D219200F44114 /* Sources */ = {
			isa = PBXSourcesBuildPhase;
			buildActionMask = 2147483647;
			files = (
				24684DFC1F39048000D6A924 /* FirebaseManager.swift in Sources */,
				24B56C681F2D219200F44114 /* AppDelegate.swift in Sources */,
				24CA382C1F2D2BDC00F04B1E /* FeedCell.swift in Sources */,
				245EDD221F3002F700C1D558 /* LocationManager.swift in Sources */,
				248EBF721F5E443C007626EA /* DeviceSelectionController.swift in Sources */,
				24CA382A1F2D287200F04B1E /* DataCollectionViewController.swift in Sources */,
				245C1AB61F2D23460093A4B1 /* Constants.swift in Sources */,
				248EBF701F5E4200007626EA /* SettingsController.swift in Sources */,
				24CA38281F2D279F00F04B1E /* CustomTabBarController.swift in Sources */,
				24684DFA1F39041300D6A924 /* Record.swift in Sources */,
				24CA382F1F2E83D400F04B1E /* RecordingController.swift in Sources */,
				249947DF1F3290D700F1252C /* CustomAnnotation.swift in Sources */,
				24954F2D1F31817F00B8C681 /* CustomAnnotationView.swift in Sources */,
				24CA38311F2E86E500F04B1E /* MapViewController.swift in Sources */,
				24684DFE1F39139600D6A924 /* AudioManager.swift in Sources */,
				242568D41F5867CC00C89C9C /* SettingsCell.swift in Sources */,
			);
			runOnlyForDeploymentPostprocessing = 0;
		};
/* End PBXSourcesBuildPhase section */

/* Begin PBXVariantGroup section */
		24B56C701F2D219200F44114 /* LaunchScreen.storyboard */ = {
			isa = PBXVariantGroup;
			children = (
				24B56C711F2D219200F44114 /* Base */,
			);
			name = LaunchScreen.storyboard;
			sourceTree = "<group>";
		};
/* End PBXVariantGroup section */

/* Begin XCBuildConfiguration section */
		24B56C741F2D219200F44114 /* Debug */ = {
			isa = XCBuildConfiguration;
			buildSettings = {
				ALWAYS_SEARCH_USER_PATHS = NO;
				CLANG_ANALYZER_NONNULL = YES;
				CLANG_ANALYZER_NUMBER_OBJECT_CONVERSION = YES_AGGRESSIVE;
				CLANG_CXX_LANGUAGE_STANDARD = "gnu++0x";
				CLANG_CXX_LIBRARY = "libc++";
				CLANG_ENABLE_MODULES = YES;
				CLANG_ENABLE_OBJC_ARC = YES;
				CLANG_WARN_BOOL_CONVERSION = YES;
				CLANG_WARN_CONSTANT_CONVERSION = YES;
				CLANG_WARN_DIRECT_OBJC_ISA_USAGE = YES_ERROR;
				CLANG_WARN_DOCUMENTATION_COMMENTS = YES;
				CLANG_WARN_EMPTY_BODY = YES;
				CLANG_WARN_ENUM_CONVERSION = YES;
				CLANG_WARN_INFINITE_RECURSION = YES;
				CLANG_WARN_INT_CONVERSION = YES;
				CLANG_WARN_OBJC_ROOT_CLASS = YES_ERROR;
				CLANG_WARN_SUSPICIOUS_MOVE = YES;
				CLANG_WARN_UNREACHABLE_CODE = YES;
				CLANG_WARN__DUPLICATE_METHOD_MATCH = YES;
				"CODE_SIGN_IDENTITY[sdk=iphoneos*]" = "iPhone Developer";
				COPY_PHASE_STRIP = NO;
				DEBUG_INFORMATION_FORMAT = dwarf;
				ENABLE_STRICT_OBJC_MSGSEND = YES;
				ENABLE_TESTABILITY = YES;
				GCC_C_LANGUAGE_STANDARD = gnu99;
				GCC_DYNAMIC_NO_PIC = NO;
				GCC_NO_COMMON_BLOCKS = YES;
				GCC_OPTIMIZATION_LEVEL = 0;
				GCC_PREPROCESSOR_DEFINITIONS = (
					"DEBUG=1",
					"$(inherited)",
				);
				GCC_WARN_64_TO_32_BIT_CONVERSION = YES;
				GCC_WARN_ABOUT_RETURN_TYPE = YES_ERROR;
				GCC_WARN_UNDECLARED_SELECTOR = YES;
				GCC_WARN_UNINITIALIZED_AUTOS = YES_AGGRESSIVE;
				GCC_WARN_UNUSED_FUNCTION = YES;
				GCC_WARN_UNUSED_VARIABLE = YES;
				IPHONEOS_DEPLOYMENT_TARGET = 10.3;
				MTL_ENABLE_DEBUG_INFO = YES;
				ONLY_ACTIVE_ARCH = YES;
				SDKROOT = iphoneos;
				SWIFT_ACTIVE_COMPILATION_CONDITIONS = DEBUG;
				SWIFT_OPTIMIZATION_LEVEL = "-Onone";
				TARGETED_DEVICE_FAMILY = "1,2";
			};
			name = Debug;
		};
		24B56C751F2D219200F44114 /* Release */ = {
			isa = XCBuildConfiguration;
			buildSettings = {
				ALWAYS_SEARCH_USER_PATHS = NO;
				CLANG_ANALYZER_NONNULL = YES;
				CLANG_ANALYZER_NUMBER_OBJECT_CONVERSION = YES_AGGRESSIVE;
				CLANG_CXX_LANGUAGE_STANDARD = "gnu++0x";
				CLANG_CXX_LIBRARY = "libc++";
				CLANG_ENABLE_MODULES = YES;
				CLANG_ENABLE_OBJC_ARC = YES;
				CLANG_WARN_BOOL_CONVERSION = YES;
				CLANG_WARN_CONSTANT_CONVERSION = YES;
				CLANG_WARN_DIRECT_OBJC_ISA_USAGE = YES_ERROR;
				CLANG_WARN_DOCUMENTATION_COMMENTS = YES;
				CLANG_WARN_EMPTY_BODY = YES;
				CLANG_WARN_ENUM_CONVERSION = YES;
				CLANG_WARN_INFINITE_RECURSION = YES;
				CLANG_WARN_INT_CONVERSION = YES;
				CLANG_WARN_OBJC_ROOT_CLASS = YES_ERROR;
				CLANG_WARN_SUSPICIOUS_MOVE = YES;
				CLANG_WARN_UNREACHABLE_CODE = YES;
				CLANG_WARN__DUPLICATE_METHOD_MATCH = YES;
				"CODE_SIGN_IDENTITY[sdk=iphoneos*]" = "iPhone Developer";
				COPY_PHASE_STRIP = NO;
				DEBUG_INFORMATION_FORMAT = "dwarf-with-dsym";
				ENABLE_NS_ASSERTIONS = NO;
				ENABLE_STRICT_OBJC_MSGSEND = YES;
				GCC_C_LANGUAGE_STANDARD = gnu99;
				GCC_NO_COMMON_BLOCKS = YES;
				GCC_WARN_64_TO_32_BIT_CONVERSION = YES;
				GCC_WARN_ABOUT_RETURN_TYPE = YES_ERROR;
				GCC_WARN_UNDECLARED_SELECTOR = YES;
				GCC_WARN_UNINITIALIZED_AUTOS = YES_AGGRESSIVE;
				GCC_WARN_UNUSED_FUNCTION = YES;
				GCC_WARN_UNUSED_VARIABLE = YES;
				IPHONEOS_DEPLOYMENT_TARGET = 10.3;
				MTL_ENABLE_DEBUG_INFO = NO;
				SDKROOT = iphoneos;
				SWIFT_OPTIMIZATION_LEVEL = "-Owholemodule";
				TARGETED_DEVICE_FAMILY = "1,2";
				VALIDATE_PRODUCT = YES;
			};
			name = Release;
		};
		24B56C771F2D219200F44114 /* Debug */ = {
			isa = XCBuildConfiguration;
			baseConfigurationReference = ADFD90BF27BF006F47895E6B /* Pods-SoundMap3.debug.xcconfig */;
			buildSettings = {
				ASSETCATALOG_COMPILER_APPICON_NAME = AppIcon;
				DEVELOPMENT_TEAM = 8SR3MG6VY6;
				INFOPLIST_FILE = SoundMap3/Info.plist;
				IPHONEOS_DEPLOYMENT_TARGET = 10.3;
				LD_RUNPATH_SEARCH_PATHS = "$(inherited) @executable_path/Frameworks";
				PRODUCT_BUNDLE_IDENTIFIER = com.SoundMap3.ios;
				PRODUCT_NAME = "Buckeye Sound";
				SWIFT_VERSION = 3.0;
				TARGETED_DEVICE_FAMILY = 1;
			};
			name = Debug;
		};
		24B56C781F2D219200F44114 /* Release */ = {
			isa = XCBuildConfiguration;
			baseConfigurationReference = BDADF0BA2267346264D47312 /* Pods-SoundMap3.release.xcconfig */;
			buildSettings = {
				ASSETCATALOG_COMPILER_APPICON_NAME = AppIcon;
				DEVELOPMENT_TEAM = 8SR3MG6VY6;
				INFOPLIST_FILE = SoundMap3/Info.plist;
				IPHONEOS_DEPLOYMENT_TARGET = 10.3;
				LD_RUNPATH_SEARCH_PATHS = "$(inherited) @executable_path/Frameworks";
				PRODUCT_BUNDLE_IDENTIFIER = com.SoundMap3.ios;
				PRODUCT_NAME = "Buckeye Sound";
				SWIFT_VERSION = 3.0;
				TARGETED_DEVICE_FAMILY = 1;
			};
			name = Release;
		};
/* End XCBuildConfiguration section */

/* Begin XCConfigurationList section */
		24B56C5F1F2D219200F44114 /* Build configuration list for PBXProject "SoundMap3" */ = {
			isa = XCConfigurationList;
			buildConfigurations = (
				24B56C741F2D219200F44114 /* Debug */,
				24B56C751F2D219200F44114 /* Release */,
			);
			defaultConfigurationIsVisible = 0;
			defaultConfigurationName = Release;
		};
		24B56C761F2D219200F44114 /* Build configuration list for PBXNativeTarget "SoundMap3" */ = {
			isa = XCConfigurationList;
			buildConfigurations = (
				24B56C771F2D219200F44114 /* Debug */,
				24B56C781F2D219200F44114 /* Release */,
			);
			defaultConfigurationIsVisible = 0;
			defaultConfigurationName = Release;
		};
/* End XCConfigurationList section */
	};
	rootObject = 24B56C5C1F2D219200F44114 /* Project object */;
}
